
Microsoft Visual Studio Solution File, Format Version 11.00
# Visual Studio 2010
Project("{FAE04EC0-301F-11D3-BF4B-00C04F79EFBC}") = "WordNet", "WordNet\WordNet.csproj", "{F4C6C48C-90EF-445D-B8F8-AD9B6767D9A8}"
EndProject
Project("{FAE04EC0-301F-11D3-BF4B-00C04F79EFBC}") = "TestApplication", "TestApplication\TestApplication.csproj", "{4CE87CD7-26B9-46AD-B192-C53096B7427D}"
EndProject
Global
	GlobalSection(SolutionConfigurationPlatforms) = preSolution
		Debug|Any CPU = Debug|Any CPU
		Release|Any CPU = Release|Any CPU
	EndGlobalSection
	GlobalSection(ProjectConfigurationPlatforms) = postSolution
		{F4C6C48C-90EF-445D-B8F8-AD9B6767D9A8}.Debug|Any CPU.ActiveCfg = Debug|Any CPU
		{F4C6C48C-90EF-445D-B8F8-AD9B6767D9A8}.Debug|Any CPU.Build.0 = Debug|Any CPU
		{F4C6C48C-90EF-445D-B8F8-AD9B6767D9A8}.Release|Any CPU.ActiveCfg = Release|Any CPU
		{F4C6C48C-90EF-445D-B8F8-AD9B6767D9A8}.Release|Any CPU.Build.0 = Release|Any CPU
		{4CE87CD7-26B9-46AD-B192-C53096B7427D}.Debug|Any CPU.ActiveCfg = Debug|Any CPU
		{4CE87CD7-26B9-46AD-B192-C53096B7427D}.Debug|Any CPU.Build.0 = Debug|Any CPU
		{4CE87CD7-26B9-46AD-B192-C53096B7427D}.Release|Any CPU.ActiveCfg = Release|Any CPU
		{4CE87CD7-26B9-46AD-B192-C53096B7427D}.Release|Any CPU.Build.0 = Release|Any CPU
	EndGlobalSection
	GlobalSection(SolutionProperties) = preSolution
		HideSolutionNode = FALSE
	EndGlobalSection
EndGlobal
